
Microsoft Visual Studio Solution File, Format Version 12.00
# Visual Studio 15
VisualStudioVersion = 15.0.28307.438
MinimumVisualStudioVersion = 10.0.40219.1
Project("{FAE04EC0-301F-11D3-BF4B-00C04F79EFBC}") = "MVCrockers", "MVCrockers\MVCrockers.csproj", "{9769D90C-9971-474B-8D33-3DFA1F7B7482}"
EndProject
Project("{FAE04EC0-301F-11D3-BF4B-00C04F79EFBC}") = "MVCrockers.Tests", "MVCrockers.Tests\MVCrockers.Tests.csproj", "{8B518F1D-9F00-4C7E-AD6A-8A52DF786EFE}"
EndProject
Global
	GlobalSection(SolutionConfigurationPlatforms) = preSolution
		Debug|Any CPU = Debug|Any CPU
		Release|Any CPU = Release|Any CPU
	EndGlobalSection
	GlobalSection(ProjectConfigurationPlatforms) = postSolution
		{9769D90C-9971-474B-8D33-3DFA1F7B7482}.Debug|Any CPU.ActiveCfg = Debug|Any CPU
		{9769D90C-9971-474B-8D33-3DFA1F7B7482}.Debug|Any CPU.Build.0 = Debug|Any CPU
		{9769D90C-9971-474B-8D33-3DFA1F7B7482}.Release|Any CPU.ActiveCfg = Release|Any CPU
		{9769D90C-9971-474B-8D33-3DFA1F7B7482}.Release|Any CPU.Build.0 = Release|Any CPU
		{8B518F1D-9F00-4C7E-AD6A-8A52DF786EFE}.Debug|Any CPU.ActiveCfg = Debug|Any CPU
		{8B518F1D-9F00-4C7E-AD6A-8A52DF786EFE}.Debug|Any CPU.Build.0 = Debug|Any CPU
		{8B518F1D-9F00-4C7E-AD6A-8A52DF786EFE}.Release|Any CPU.ActiveCfg = Release|Any CPU
		{8B518F1D-9F00-4C7E-AD6A-8A52DF786EFE}.Release|Any CPU.Build.0 = Release|Any CPU
	EndGlobalSection
	GlobalSection(SolutionProperties) = preSolution
		HideSolutionNode = FALSE
	EndGlobalSection
	GlobalSection(ExtensibilityGlobals) = postSolution
		SolutionGuid = {66094B17-B0AC-4E06-B48D-B576792CCBCC}
	EndGlobalSection
EndGlobal
